
Microsoft Visual Studio Solution File, Format Version 12.00
# Visual Studio Version 17
VisualStudioVersion = 17.0.31912.275
MinimumVisualStudioVersion = 10.0.40219.1
Project("{9A19103F-16F7-4668-BE54-9A1E7A4F7556}") = "PowerfulDiLogSettingsConsoleTemplate", "PowerfulDiLogSettingsConsoleTemplate\PowerfulDiLogSettingsConsoleTemplate.csproj", "{C2EFF94A-C859-45E5-99F4-7F0120AED2A1}"
EndProject
Project("{9A19103F-16F7-4668-BE54-9A1E7A4F7556}") = "GdalToolsTest", "GdalToolsTest\GdalToolsTest.csproj", "{5BCD4F4E-5E4F-4129-8BEC-4FF26DED9D27}"
EndProject
Project("{9A19103F-16F7-4668-BE54-9A1E7A4F7556}") = "GdalToolsLib", "GdalToolsLib\GdalToolsLib.csproj", "{2BDD423B-0D42-4B1F-BBF1-3C2420479296}"
EndProject
Project("{9A19103F-16F7-4668-BE54-9A1E7A4F7556}") = "BnL.ExtractMetadataFromFGDBs", "BnL.ExtraxtMetadataFromFGDBs\BnL.ExtractMetadataFromFGDBs.csproj", "{1915DB08-8780-476A-80A5-B4E052888DF8}"
EndProject
Project("{9A19103F-16F7-4668-BE54-9A1E7A4F7556}") = "CreateOptimizedGeopackage", "CreateOptimizedGeopackage\CreateOptimizedGeopackage.csproj", "{09BA26DA-BE1E-4806-B316-25FB251CBD05}"
EndProject
Project("{9A19103F-16F7-4668-BE54-9A1E7A4F7556}") = "ReadLayerDataIntoExcel", "ReadLayerDataIntoExcel\ReadLayerDataIntoExcel.csproj", "{0D577300-64F2-4063-9920-AD972D329353}"
EndProject
Project("{9A19103F-16F7-4668-BE54-9A1E7A4F7556}") = "OGCGeometryValidatorCore", "OGCGeometryValidatorCore\OGCGeometryValidatorCore.csproj", "{E2D0038D-C1F7-4611-BB67-18CC582B8B0A}"
EndProject
Project("{FAE04EC0-301F-11D3-BF4B-00C04F79EFBC}") = "BnL.CopyDissolverFGDB", "BnL.CopyDissolverFGDB\BnL.CopyDissolverFGDB.csproj", "{A38B9431-B0C9-480E-A3D3-EB8649D1BFA8}"
EndProject
Project("{FAE04EC0-301F-11D3-BF4B-00C04F79EFBC}") = "ESRIFileGeodatabaseAPI", "ESRIFileGeodatabaseAPI\ESRIFileGeodatabaseAPI.csproj", "{41BB4911-EF53-40EE-80DA-FF96A3A29C85}"
EndProject
Project("{FAE04EC0-301F-11D3-BF4B-00C04F79EFBC}") = "SelfOverlapChecker", "SelfOverlapChecker\SelfOverlapChecker.csproj", "{B56F9ADD-13C6-470C-AFEE-35D8962D4A7E}"
EndProject
Global
	GlobalSection(SolutionConfigurationPlatforms) = preSolution
		Debug|Any CPU = Debug|Any CPU
		Release|Any CPU = Release|Any CPU
	EndGlobalSection
	GlobalSection(ProjectConfigurationPlatforms) = postSolution
		{C2EFF94A-C859-45E5-99F4-7F0120AED2A1}.Debug|Any CPU.ActiveCfg = Debug|Any CPU
		{C2EFF94A-C859-45E5-99F4-7F0120AED2A1}.Debug|Any CPU.Build.0 = Debug|Any CPU
		{C2EFF94A-C859-45E5-99F4-7F0120AED2A1}.Release|Any CPU.ActiveCfg = Release|Any CPU
		{C2EFF94A-C859-45E5-99F4-7F0120AED2A1}.Release|Any CPU.Build.0 = Release|Any CPU
		{5BCD4F4E-5E4F-4129-8BEC-4FF26DED9D27}.Debug|Any CPU.ActiveCfg = Debug|Any CPU
		{5BCD4F4E-5E4F-4129-8BEC-4FF26DED9D27}.Debug|Any CPU.Build.0 = Debug|Any CPU
		{5BCD4F4E-5E4F-4129-8BEC-4FF26DED9D27}.Release|Any CPU.ActiveCfg = Release|Any CPU
		{5BCD4F4E-5E4F-4129-8BEC-4FF26DED9D27}.Release|Any CPU.Build.0 = Release|Any CPU
		{2BDD423B-0D42-4B1F-BBF1-3C2420479296}.Debug|Any CPU.ActiveCfg = Debug|Any CPU
		{2BDD423B-0D42-4B1F-BBF1-3C2420479296}.Debug|Any CPU.Build.0 = Debug|Any CPU
		{2BDD423B-0D42-4B1F-BBF1-3C2420479296}.Release|Any CPU.ActiveCfg = Release|Any CPU
		{2BDD423B-0D42-4B1F-BBF1-3C2420479296}.Release|Any CPU.Build.0 = Release|Any CPU
		{1915DB08-8780-476A-80A5-B4E052888DF8}.Debug|Any CPU.ActiveCfg = Debug|Any CPU
		{1915DB08-8780-476A-80A5-B4E052888DF8}.Debug|Any CPU.Build.0 = Debug|Any CPU
		{1915DB08-8780-476A-80A5-B4E052888DF8}.Release|Any CPU.ActiveCfg = Release|Any CPU
		{1915DB08-8780-476A-80A5-B4E052888DF8}.Release|Any CPU.Build.0 = Release|Any CPU
		{09BA26DA-BE1E-4806-B316-25FB251CBD05}.Debug|Any CPU.ActiveCfg = Debug|Any CPU
		{09BA26DA-BE1E-4806-B316-25FB251CBD05}.Debug|Any CPU.Build.0 = Debug|Any CPU
		{09BA26DA-BE1E-4806-B316-25FB251CBD05}.Release|Any CPU.ActiveCfg = Release|Any CPU
		{09BA26DA-BE1E-4806-B316-25FB251CBD05}.Release|Any CPU.Build.0 = Release|Any CPU
		{0D577300-64F2-4063-9920-AD972D329353}.Debug|Any CPU.ActiveCfg = Debug|Any CPU
		{0D577300-64F2-4063-9920-AD972D329353}.Debug|Any CPU.Build.0 = Debug|Any CPU
		{0D577300-64F2-4063-9920-AD972D329353}.Release|Any CPU.ActiveCfg = Release|Any CPU
		{0D577300-64F2-4063-9920-AD972D329353}.Release|Any CPU.Build.0 = Release|Any CPU
		{E2D0038D-C1F7-4611-BB67-18CC582B8B0A}.Debug|Any CPU.ActiveCfg = Debug|Any CPU
		{E2D0038D-C1F7-4611-BB67-18CC582B8B0A}.Debug|Any CPU.Build.0 = Debug|Any CPU
		{E2D0038D-C1F7-4611-BB67-18CC582B8B0A}.Release|Any CPU.ActiveCfg = Release|Any CPU
		{E2D0038D-C1F7-4611-BB67-18CC582B8B0A}.Release|Any CPU.Build.0 = Release|Any CPU
		{A38B9431-B0C9-480E-A3D3-EB8649D1BFA8}.Debug|Any CPU.ActiveCfg = Debug|Any CPU
		{A38B9431-B0C9-480E-A3D3-EB8649D1BFA8}.Debug|Any CPU.Build.0 = Debug|Any CPU
		{A38B9431-B0C9-480E-A3D3-EB8649D1BFA8}.Release|Any CPU.ActiveCfg = Release|Any CPU
		{A38B9431-B0C9-480E-A3D3-EB8649D1BFA8}.Release|Any CPU.Build.0 = Release|Any CPU
		{41BB4911-EF53-40EE-80DA-FF96A3A29C85}.Debug|Any CPU.ActiveCfg = Debug|Any CPU
		{41BB4911-EF53-40EE-80DA-FF96A3A29C85}.Debug|Any CPU.Build.0 = Debug|Any CPU
		{41BB4911-EF53-40EE-80DA-FF96A3A29C85}.Release|Any CPU.ActiveCfg = Release|Any CPU
		{41BB4911-EF53-40EE-80DA-FF96A3A29C85}.Release|Any CPU.Build.0 = Release|Any CPU
		{B56F9ADD-13C6-470C-AFEE-35D8962D4A7E}.Debug|Any CPU.ActiveCfg = Debug|Any CPU
		{B56F9ADD-13C6-470C-AFEE-35D8962D4A7E}.Debug|Any CPU.Build.0 = Debug|Any CPU
		{B56F9ADD-13C6-470C-AFEE-35D8962D4A7E}.Release|Any CPU.ActiveCfg = Release|Any CPU
		{B56F9ADD-13C6-470C-AFEE-35D8962D4A7E}.Release|Any CPU.Build.0 = Release|Any CPU
	EndGlobalSection
	GlobalSection(SolutionProperties) = preSolution
		HideSolutionNode = FALSE
	EndGlobalSection
	GlobalSection(ExtensibilityGlobals) = postSolution
		SolutionGuid = {30DCD39C-2628-4D8B-91F1-AEF85502FA04}
	EndGlobalSection
EndGlobal
